<?xml version="1.0" encoding="utf-8"?>
<Project ToolsVersion="4.0" xmlns="http://schemas.microsoft.com/developer/msbuild/2003">
  <ItemGroup>
    <Filter Include="BlueCheese">
      <UniqueIdentifier>{DAEE9361-C6A6-D5AE-2FAE-AE0A1B85709F}</UniqueIdentifier>
    </Filter>
  </ItemGroup>
  <ItemGroup>
    <ClInclude Include="src\BlueCheese.h" />
    <ClInclude Include="src\BlueCheese\Application.h">
      <Filter>BlueCheese</Filter>
    </ClInclude>
    <ClInclude Include="src\BlueCheese\Core.h">
      <Filter>BlueCheese</Filter>
    </ClInclude>
    <ClInclude Include="src\BlueCheese\EntryPoint.h">
      <Filter>BlueCheese</Filter>
    </ClInclude>
    <ClInclude Include="src\BlueCheese\Log.h">
      <Filter>BlueCheese</Filter>
    </ClInclude>
    <ClInclude Include="src\BlueCheese\Events\Event.h" />
    <ClInclude Include="src\BlueCheese\Events\KeyEvent.h" />
  </ItemGroup>
  <ItemGroup>
    <ClCompile Include="src\BlueCheese\Application.cpp">
      <Filter>BlueCheese</Filter>
    </ClCompile>
    <ClCompile Include="src\BlueCheese\Log.cpp">
      <Filter>BlueCheese</Filter>
    </ClCompile>
  </ItemGroup>
</Project>